// !$*UTF8*$!
{
	archiveVersion = 1;
	classes = {
	};
	objectVersion = 50;
	objects = {

/* Begin PBXBuildFile section */
		951BA78322BBA4C100D495F4 /* Meme.swift in Sources */ = {isa = PBXBuildFile; fileRef = 951BA78222BBA4C100D495F4 /* Meme.swift */; };
		951BA78522BBAE2700D495F4 /* CustomTextFieldDelegate.swift in Sources */ = {isa = PBXBuildFile; fileRef = 951BA78422BBAE2700D495F4 /* CustomTextFieldDelegate.swift */; };
		953C0C6A22D4DCF4006EEC4D /* CustomCollectionViewCell.swift in Sources */ = {isa = PBXBuildFile; fileRef = 953C0C6922D4DCF4006EEC4D /* CustomCollectionViewCell.swift */; };
		953C0C6C22D4ECA3006EEC4D /* MemeCollectionViewController.swift in Sources */ = {isa = PBXBuildFile; fileRef = 953C0C6B22D4ECA3006EEC4D /* MemeCollectionViewController.swift */; };
		9583121D22D5ED1B00094543 /* CustomTableViewCell.swift in Sources */ = {isa = PBXBuildFile; fileRef = 9583121C22D5ED1B00094543 /* CustomTableViewCell.swift */; };
		9583121F22D5EF2200094543 /* MemeTableViewController.swift in Sources */ = {isa = PBXBuildFile; fileRef = 9583121E22D5EF2200094543 /* MemeTableViewController.swift */; };
		95995BB822DA276000629411 /* ExtensionVC.swift in Sources */ = {isa = PBXBuildFile; fileRef = 95995BB722DA276000629411 /* ExtensionVC.swift */; };
		959B15CB22D63B090041EB2A /* DetailViewController.swift in Sources */ = {isa = PBXBuildFile; fileRef = 959B15CA22D63B090041EB2A /* DetailViewController.swift */; };
		95BB69A822BA686100D33F1E /* AppDelegate.swift in Sources */ = {isa = PBXBuildFile; fileRef = 95BB69A722BA686100D33F1E /* AppDelegate.swift */; };
		95BB69AA22BA686100D33F1E /* MemeEditorViewController.swift in Sources */ = {isa = PBXBuildFile; fileRef = 95BB69A922BA686100D33F1E /* MemeEditorViewController.swift */; };
		95BB69AD22BA686100D33F1E /* Main.storyboard in Resources */ = {isa = PBXBuildFile; fileRef = 95BB69AB22BA686100D33F1E /* Main.storyboard */; };
		95BB69AF22BA686200D33F1E /* Assets.xcassets in Resources */ = {isa = PBXBuildFile; fileRef = 95BB69AE22BA686200D33F1E /* Assets.xcassets */; };
		95BB69B222BA686200D33F1E /* LaunchScreen.storyboard in Resources */ = {isa = PBXBuildFile; fileRef = 95BB69B022BA686200D33F1E /* LaunchScreen.storyboard */; };
		95BB9DEC22C381D900B48579 /* Impact.ttf in Resources */ = {isa = PBXBuildFile; fileRef = 95BB9DEB22C381D900B48579 /* Impact.ttf */; };
/* End PBXBuildFile section */

/* Begin PBXFileReference section */
		951BA78222BBA4C100D495F4 /* Meme.swift */ = {isa = PBXFileReference; lastKnownFileType = sourcecode.swift; path = Meme.swift; sourceTree = "<group>"; };
		951BA78422BBAE2700D495F4 /* CustomTextFieldDelegate.swift */ = {isa = PBXFileReference; lastKnownFileType = sourcecode.swift; path = CustomTextFieldDelegate.swift; sourceTree = "<group>"; };
		953C0C6922D4DCF4006EEC4D /* CustomCollectionViewCell.swift */ = {isa = PBXFileReference; lastKnownFileType = sourcecode.swift; path = CustomCollectionViewCell.swift; sourceTree = "<group>"; };
		953C0C6B22D4ECA3006EEC4D /* MemeCollectionViewController.swift */ = {isa = PBXFileReference; lastKnownFileType = sourcecode.swift; path = MemeCollectionViewController.swift; sourceTree = "<group>"; };
		9583121C22D5ED1B00094543 /* CustomTableViewCell.swift */ = {isa = PBXFileReference; lastKnownFileType = sourcecode.swift; path = CustomTableViewCell.swift; sourceTree = "<group>"; };
		9583121E22D5EF2200094543 /* MemeTableViewController.swift */ = {isa = PBXFileReference; lastKnownFileType = sourcecode.swift; path = MemeTableViewController.swift; sourceTree = "<group>"; };
		95995BB722DA276000629411 /* ExtensionVC.swift */ = {isa = PBXFileReference; lastKnownFileType = sourcecode.swift; path = ExtensionVC.swift; sourceTree = "<group>"; };
		959B15CA22D63B090041EB2A /* DetailViewController.swift */ = {isa = PBXFileReference; lastKnownFileType = sourcecode.swift; path = DetailViewController.swift; sourceTree = "<group>"; };
		95BB69A422BA686100D33F1E /* MemeMe.app */ = {isa = PBXFileReference; explicitFileType = wrapper.application; includeInIndex = 0; path = MemeMe.app; sourceTree = BUILT_PRODUCTS_DIR; };
		95BB69A722BA686100D33F1E /* AppDelegate.swift */ = {isa = PBXFileReference; lastKnownFileType = sourcecode.swift; path = AppDelegate.swift; sourceTree = "<group>"; };
		95BB69A922BA686100D33F1E /* MemeEditorViewController.swift */ = {isa = PBXFileReference; lastKnownFileType = sourcecode.swift; path = MemeEditorViewController.swift; sourceTree = "<group>"; };
		95BB69AC22BA686100D33F1E /* Base */ = {isa = PBXFileReference; lastKnownFileType = file.storyboard; name = Base; path = Base.lproj/Main.storyboard; sourceTree = "<group>"; };
		95BB69AE22BA686200D33F1E /* Assets.xcassets */ = {isa = PBXFileReference; lastKnownFileType = folder.assetcatalog; path = Assets.xcassets; sourceTree = "<group>"; };
		95BB69B122BA686200D33F1E /* Base */ = {isa = PBXFileReference; lastKnownFileType = file.storyboard; name = Base; path = Base.lproj/LaunchScreen.storyboard; sourceTree = "<group>"; };
		95BB69B322BA686200D33F1E /* Info.plist */ = {isa = PBXFileReference; lastKnownFileType = text.plist.xml; path = Info.plist; sourceTree = "<group>"; };
		95BB9DEB22C381D900B48579 /* Impact.ttf */ = {isa = PBXFileReference; lastKnownFileType = file; path = Impact.ttf; sourceTree = "<group>"; };
/* End PBXFileReference section */

/* Begin PBXFrameworksBuildPhase section */
		95BB69A122BA686100D33F1E /* Frameworks */ = {
			isa = PBXFrameworksBuildPhase;
			buildActionMask = 2147483647;
			files = (
			);
			runOnlyForDeploymentPostprocessing = 0;
		};
/* End PBXFrameworksBuildPhase section */

/* Begin PBXGroup section */
		955DE92E22D8BBC700AACE9E /* Custom cells */ = {
			isa = PBXGroup;
			children = (
				953C0C6922D4DCF4006EEC4D /* CustomCollectionViewCell.swift */,
				9583121C22D5ED1B00094543 /* CustomTableViewCell.swift */,
			);
			path = "Custom cells";
			sourceTree = "<group>";
		};
		955DE92F22D8BBE000AACE9E /* Delegates */ = {
			isa = PBXGroup;
			children = (
				95BB69A722BA686100D33F1E /* AppDelegate.swift */,
				951BA78422BBAE2700D495F4 /* CustomTextFieldDelegate.swift */,
			);
			path = Delegates;
			sourceTree = "<group>";
		};
		955DE93022D8BC0300AACE9E /* Meme model */ = {
			isa = PBXGroup;
			children = (
				951BA78222BBA4C100D495F4 /* Meme.swift */,
			);
			path = "Meme model";
			sourceTree = "<group>";
		};
		95995BB922DA28D900629411 /* Extensions */ = {
			isa = PBXGroup;
			children = (
				95995BB722DA276000629411 /* ExtensionVC.swift */,
			);
			path = Extensions;
			sourceTree = "<group>";
		};
		95BB699B22BA686100D33F1E = {
			isa = PBXGroup;
			children = (
				95BB69A622BA686100D33F1E /* MemeMe */,
				95BB69A522BA686100D33F1E /* Products */,
			);
			sourceTree = "<group>";
		};
		95BB69A522BA686100D33F1E /* Products */ = {
			isa = PBXGroup;
			children = (
				95BB69A422BA686100D33F1E /* MemeMe.app */,
			);
			name = Products;
			sourceTree = "<group>";
		};
		95BB69A622BA686100D33F1E /* MemeMe */ = {
			isa = PBXGroup;
			children = (
				95BB69A922BA686100D33F1E /* MemeEditorViewController.swift */,
				953C0C6B22D4ECA3006EEC4D /* MemeCollectionViewController.swift */,
				9583121E22D5EF2200094543 /* MemeTableViewController.swift */,
				959B15CA22D63B090041EB2A /* DetailViewController.swift */,
				955DE92F22D8BBE000AACE9E /* Delegates */,
				95995BB922DA28D900629411 /* Extensions */,
				955DE92E22D8BBC700AACE9E /* Custom cells */,
				955DE93022D8BC0300AACE9E /* Meme model */,
				95BB9DEA22C3818500B48579 /* Fonts */,
				95BB69AB22BA686100D33F1E /* Main.storyboard */,
				95BB69AE22BA686200D33F1E /* Assets.xcassets */,
				95BB69B022BA686200D33F1E /* LaunchScreen.storyboard */,
				95BB69B322BA686200D33F1E /* Info.plist */,
			);
			path = MemeMe;
			sourceTree = "<group>";
		};
		95BB9DEA22C3818500B48579 /* Fonts */ = {
			isa = PBXGroup;
			children = (
				95BB9DEB22C381D900B48579 /* Impact.ttf */,
			);
			path = Fonts;
			sourceTree = "<group>";
		};
/* End PBXGroup section */

/* Begin PBXNativeTarget section */
		95BB69A322BA686100D33F1E /* MemeMe */ = {
			isa = PBXNativeTarget;
			buildConfigurationList = 95BB69B622BA686200D33F1E /* Build configuration list for PBXNativeTarget "MemeMe" */;
			buildPhases = (
				95BB69A022BA686100D33F1E /* Sources */,
				95BB69A122BA686100D33F1E /* Frameworks */,
				95BB69A222BA686100D33F1E /* Resources */,
			);
			buildRules = (
			);
			dependencies = (
			);
			name = MemeMe;
			productName = MemeMe;
			productReference = 95BB69A422BA686100D33F1E /* MemeMe.app */;
			productType = "com.apple.product-type.application";
		};
/* End PBXNativeTarget section */

/* Begin PBXProject section */
		95BB699C22BA686100D33F1E /* Project object */ = {
			isa = PBXProject;
			attributes = {
				LastSwiftUpdateCheck = 1020;
				LastUpgradeCheck = 1020;
				ORGANIZATIONNAME = Anna;
				TargetAttributes = {
					95BB69A322BA686100D33F1E = {
						CreatedOnToolsVersion = 10.2.1;
					};
				};
			};
			buildConfigurationList = 95BB699F22BA686100D33F1E /* Build configuration list for PBXProject "MemeMe" */;
			compatibilityVersion = "Xcode 9.3";
			developmentRegion = en;
			hasScannedForEncodings = 0;
			knownRegions = (
				en,
				Base,
			);
			mainGroup = 95BB699B22BA686100D33F1E;
			productRefGroup = 95BB69A522BA686100D33F1E /* Products */;
			projectDirPath = "";
			projectRoot = "";
			targets = (
				95BB69A322BA686100D33F1E /* MemeMe */,
			);
		};
/* End PBXProject section */

/* Begin PBXResourcesBuildPhase section */
		95BB69A222BA686100D33F1E /* Resources */ = {
			isa = PBXResourcesBuildPhase;
			buildActionMask = 2147483647;
			files = (
				95BB9DEC22C381D900B48579 /* Impact.ttf in Resources */,
				95BB69B222BA686200D33F1E /* LaunchScreen.storyboard in Resources */,
				95BB69AF22BA686200D33F1E /* Assets.xcassets in Resources */,
				95BB69AD22BA686100D33F1E /* Main.storyboard in Resources */,
			);
			runOnlyForDeploymentPostprocessing = 0;
		};
/* End PBXResourcesBuildPhase section */

/* Begin PBXSourcesBuildPhase section */
		95BB69A022BA686100D33F1E /* Sources */ = {
			isa = PBXSourcesBuildPhase;
			buildActionMask = 2147483647;
			files = (
				959B15CB22D63B090041EB2A /* DetailViewController.swift in Sources */,
				951BA78322BBA4C100D495F4 /* Meme.swift in Sources */,
				953C0C6A22D4DCF4006EEC4D /* CustomCollectionViewCell.swift in Sources */,
				95BB69AA22BA686100D33F1E /* MemeEditorViewController.swift in Sources */,
				9583121F22D5EF2200094543 /* MemeTableViewController.swift in Sources */,
				9583121D22D5ED1B00094543 /* CustomTableViewCell.swift in Sources */,
				95BB69A822BA686100D33F1E /* AppDelegate.swift in Sources */,
				953C0C6C22D4ECA3006EEC4D /* MemeCollectionViewController.swift in Sources */,
				951BA78522BBAE2700D495F4 /* CustomTextFieldDelegate.swift in Sources */,
				95995BB822DA276000629411 /* ExtensionVC.swift in Sources */,
			);
			runOnlyForDeploymentPostprocessing = 0;
		};
/* End PBXSourcesBuildPhase section */

/* Begin PBXVariantGroup section */
		95BB69AB22BA686100D33F1E /* Main.storyboard */ = {
			isa = PBXVariantGroup;
			children = (
				95BB69AC22BA686100D33F1E /* Base */,
			);
			name = Main.storyboard;
			sourceTree = "<group>";
		};
		95BB69B022BA686200D33F1E /* LaunchScreen.storyboard */ = {
			isa = PBXVariantGroup;
			children = (
				95BB69B122BA686200D33F1E /* Base */,
			);
			name = LaunchScreen.storyboard;
			sourceTree = "<group>";
		};
/* End PBXVariantGroup section */

/* Begin XCBuildConfiguration section */
		95BB69B422BA686200D33F1E /* Debug */ = {
			isa = XCBuildConfiguration;
			buildSettings = {
				ALWAYS_SEARCH_USER_PATHS = NO;
				CLANG_ANALYZER_NONNULL = YES;
				CLANG_ANALYZER_NUMBER_OBJECT_CONVERSION = YES_AGGRESSIVE;
				CLANG_CXX_LANGUAGE_STANDARD = "gnu++14";
				CLANG_CXX_LIBRARY = "libc++";
				CLANG_ENABLE_MODULES = YES;
				CLANG_ENABLE_OBJC_ARC = YES;
				CLANG_ENABLE_OBJC_WEAK = YES;
				CLANG_WARN_BLOCK_CAPTURE_AUTORELEASING = YES;
				CLANG_WARN_BOOL_CONVERSION = YES;
				CLANG_WARN_COMMA = YES;
				CLANG_WARN_CONSTANT_CONVERSION = YES;
				CLANG_WARN_DEPRECATED_OBJC_IMPLEMENTATIONS = YES;
				CLANG_WARN_DIRECT_OBJC_ISA_USAGE = YES_ERROR;
				CLANG_WARN_DOCUMENTATION_COMMENTS = YES;
				CLANG_WARN_EMPTY_BODY = YES;
				CLANG_WARN_ENUM_CONVERSION = YES;
				CLANG_WARN_INFINITE_RECURSION = YES;
				CLANG_WARN_INT_CONVERSION = YES;
				CLANG_WARN_NON_LITERAL_NULL_CONVERSION = YES;
				CLANG_WARN_OBJC_IMPLICIT_RETAIN_SELF = YES;
				CLANG_WARN_OBJC_LITERAL_CONVERSION = YES;
				CLANG_WARN_OBJC_ROOT_CLASS = YES_ERROR;
				CLANG_WARN_RANGE_LOOP_ANALYSIS = YES;
				CLANG_WARN_STRICT_PROTOTYPES = YES;
				CLANG_WARN_SUSPICIOUS_MOVE = YES;
				CLANG_WARN_UNGUARDED_AVAILABILITY = YES_AGGRESSIVE;
				CLANG_WARN_UNREACHABLE_CODE = YES;
				CLANG_WARN__DUPLICATE_METHOD_MATCH = YES;
				CODE_SIGN_IDENTITY = "iPhone Developer";
				COPY_PHASE_STRIP = NO;
				DEBUG_INFORMATION_FORMAT = dwarf;
				ENABLE_STRICT_OBJC_MSGSEND = YES;
				ENABLE_TESTABILITY = YES;
				GCC_C_LANGUAGE_STANDARD = gnu11;
				GCC_DYNAMIC_NO_PIC = NO;
				GCC_NO_COMMON_BLOCKS = YES;
				GCC_OPTIMIZATION_LEVEL = 0;
				GCC_PREPROCESSOR_DEFINITIONS = (
					"DEBUG=1",
					"$(inherited)",
				);
				GCC_WARN_64_TO_32_BIT_CONVERSION = YES;
				GCC_WARN_ABOUT_RETURN_TYPE = YES_ERROR;
				GCC_WARN_UNDECLARED_SELECTOR = YES;
				GCC_WARN_UNINITIALIZED_AUTOS = YES_AGGRESSIVE;
				GCC_WARN_UNUSED_FUNCTION = YES;
				GCC_WARN_UNUSED_VARIABLE = YES;
				IPHONEOS_DEPLOYMENT_TARGET = 12.2;
				MTL_ENABLE_DEBUG_INFO = INCLUDE_SOURCE;
				MTL_FAST_MATH = YES;
				ONLY_ACTIVE_ARCH = YES;
				SDKROOT = iphoneos;
				SWIFT_ACTIVE_COMPILATION_CONDITIONS = DEBUG;
				SWIFT_OPTIMIZATION_LEVEL = "-Onone";
			};
			name = Debug;
		};
		95BB69B522BA686200D33F1E /* Release */ = {
			isa = XCBuildConfiguration;
			buildSettings = {
				ALWAYS_SEARCH_USER_PATHS = NO;
				CLANG_ANALYZER_NONNULL = YES;
				CLANG_ANALYZER_NUMBER_OBJECT_CONVERSION = YES_AGGRESSIVE;
				CLANG_CXX_LANGUAGE_STANDARD = "gnu++14";
				CLANG_CXX_LIBRARY = "libc++";
				CLANG_ENABLE_MODULES = YES;
				CLANG_ENABLE_OBJC_ARC = YES;
				CLANG_ENABLE_OBJC_WEAK = YES;
				CLANG_WARN_BLOCK_CAPTURE_AUTORELEASING = YES;
				CLANG_WARN_BOOL_CONVERSION = YES;
				CLANG_WARN_COMMA = YES;
				CLANG_WARN_CONSTANT_CONVERSION = YES;
				CLANG_WARN_DEPRECATED_OBJC_IMPLEMENTATIONS = YES;
				CLANG_WARN_DIRECT_OBJC_ISA_USAGE = YES_ERROR;
				CLANG_WARN_DOCUMENTATION_COMMENTS = YES;
				CLANG_WARN_EMPTY_BODY = YES;
				CLANG_WARN_ENUM_CONVERSION = YES;
				CLANG_WARN_INFINITE_RECURSION = YES;
				CLANG_WARN_INT_CONVERSION = YES;
				CLANG_WARN_NON_LITERAL_NULL_CONVERSION = YES;
				CLANG_WARN_OBJC_IMPLICIT_RETAIN_SELF = YES;
				CLANG_WARN_OBJC_LITERAL_CONVERSION = YES;
				CLANG_WARN_OBJC_ROOT_CLASS = YES_ERROR;
				CLANG_WARN_RANGE_LOOP_ANALYSIS = YES;
				CLANG_WARN_STRICT_PROTOTYPES = YES;
				CLANG_WARN_SUSPICIOUS_MOVE = YES;
				CLANG_WARN_UNGUARDED_AVAILABILITY = YES_AGGRESSIVE;
				CLANG_WARN_UNREACHABLE_CODE = YES;
				CLANG_WARN__DUPLICATE_METHOD_MATCH = YES;
				CODE_SIGN_IDENTITY = "iPhone Developer";
				COPY_PHASE_STRIP = NO;
				DEBUG_INFORMATION_FORMAT = "dwarf-with-dsym";
				ENABLE_NS_ASSERTIONS = NO;
				ENABLE_STRICT_OBJC_MSGSEND = YES;
				GCC_C_LANGUAGE_STANDARD = gnu11;
				GCC_NO_COMMON_BLOCKS = YES;
				GCC_WARN_64_TO_32_BIT_CONVERSION = YES;
				GCC_WARN_ABOUT_RETURN_TYPE = YES_ERROR;
				GCC_WARN_UNDECLARED_SELECTOR = YES;
				GCC_WARN_UNINITIALIZED_AUTOS = YES_AGGRESSIVE;
				GCC_WARN_UNUSED_FUNCTION = YES;
				GCC_WARN_UNUSED_VARIABLE = YES;
				IPHONEOS_DEPLOYMENT_TARGET = 12.2;
				MTL_ENABLE_DEBUG_INFO = NO;
				MTL_FAST_MATH = YES;
				SDKROOT = iphoneos;
				SWIFT_COMPILATION_MODE = wholemodule;
				SWIFT_OPTIMIZATION_LEVEL = "-O";
				VALIDATE_PRODUCT = YES;
			};
			name = Release;
		};
		95BB69B722BA686200D33F1E /* Debug */ = {
			isa = XCBuildConfiguration;
			buildSettings = {
				ASSETCATALOG_COMPILER_APPICON_NAME = AppIcon;
				CODE_SIGN_STYLE = Automatic;
				INFOPLIST_FILE = MemeMe/Info.plist;
				LD_RUNPATH_SEARCH_PATHS = (
					"$(inherited)",
					"@executable_path/Frameworks",
				);
				PRODUCT_BUNDLE_IDENTIFIER = com.snusmumr.MemeMe;
				PRODUCT_NAME = "$(TARGET_NAME)";
				SWIFT_VERSION = 5.0;
				TARGETED_DEVICE_FAMILY = "1,2";
			};
			name = Debug;
		};
		95BB69B822BA686200D33F1E /* Release */ = {
			isa = XCBuildConfiguration;
			buildSettings = {
				ASSETCATALOG_COMPILER_APPICON_NAME = AppIcon;
				CODE_SIGN_STYLE = Automatic;
				INFOPLIST_FILE = MemeMe/Info.plist;
				LD_RUNPATH_SEARCH_PATHS = (
					"$(inherited)",
					"@executable_path/Frameworks",
				);
				PRODUCT_BUNDLE_IDENTIFIER = com.snusmumr.MemeMe;
				PRODUCT_NAME = "$(TARGET_NAME)";
				SWIFT_VERSION = 5.0;
				TARGETED_DEVICE_FAMILY = "1,2";
			};
			name = Release;
		};
/* End XCBuildConfiguration section */

/* Begin XCConfigurationList section */
		95BB699F22BA686100D33F1E /* Build configuration list for PBXProject "MemeMe" */ = {
			isa = XCConfigurationList;
			buildConfigurations = (
				95BB69B422BA686200D33F1E /* Debug */,
				95BB69B522BA686200D33F1E /* Release */,
			);
			defaultConfigurationIsVisible = 0;
			defaultConfigurationName = Release;
		};
		95BB69B622BA686200D33F1E /* Build configuration list for PBXNativeTarget "MemeMe" */ = {
			isa = XCConfigurationList;
			buildConfigurations = (
				95BB69B722BA686200D33F1E /* Debug */,
				95BB69B822BA686200D33F1E /* Release */,
			);
			defaultConfigurationIsVisible = 0;
			defaultConfigurationName = Release;
		};
/* End XCConfigurationList section */
	};
	rootObject = 95BB699C22BA686100D33F1E /* Project object */;
}
